
Microsoft Visual Studio Solution File, Format Version 12.00
# Visual Studio Version 17
VisualStudioVersion = 17.9.34607.119
MinimumVisualStudioVersion = 10.0.40219.1
Project("{FAE04EC0-301F-11D3-BF4B-00C04F79EFBC}") = "JogoVelha.App", "JogoVelha.App\JogoVelha.App.csproj", "{95A2433F-2D6D-4C4C-A526-147EB59A060F}"
EndProject
Project("{FAE04EC0-301F-11D3-BF4B-00C04F79EFBC}") = "JogoVelha.Console", "JogoVelha.Console\JogoVelha.Console.csproj", "{276F10B6-4634-4D74-BB08-E0FE3D957369}"
EndProject
Project("{FAE04EC0-301F-11D3-BF4B-00C04F79EFBC}") = "JogoVelha.Tests", "JogoVelha.Tests\JogoVelha.Tests.csproj", "{C13DBA1F-B712-442C-AD25-001C10AB6704}"
EndProject
Global
	GlobalSection(SolutionConfigurationPlatforms) = preSolution
		Debug|Any CPU = Debug|Any CPU
		Release|Any CPU = Release|Any CPU
	EndGlobalSection
	GlobalSection(ProjectConfigurationPlatforms) = postSolution
		{95A2433F-2D6D-4C4C-A526-147EB59A060F}.Debug|Any CPU.ActiveCfg = Debug|Any CPU
		{95A2433F-2D6D-4C4C-A526-147EB59A060F}.Debug|Any CPU.Build.0 = Debug|Any CPU
		{95A2433F-2D6D-4C4C-A526-147EB59A060F}.Release|Any CPU.ActiveCfg = Release|Any CPU
		{95A2433F-2D6D-4C4C-A526-147EB59A060F}.Release|Any CPU.Build.0 = Release|Any CPU
		{276F10B6-4634-4D74-BB08-E0FE3D957369}.Debug|Any CPU.ActiveCfg = Debug|Any CPU
		{276F10B6-4634-4D74-BB08-E0FE3D957369}.Debug|Any CPU.Build.0 = Debug|Any CPU
		{276F10B6-4634-4D74-BB08-E0FE3D957369}.Release|Any CPU.ActiveCfg = Release|Any CPU
		{276F10B6-4634-4D74-BB08-E0FE3D957369}.Release|Any CPU.Build.0 = Release|Any CPU
		{C13DBA1F-B712-442C-AD25-001C10AB6704}.Debug|Any CPU.ActiveCfg = Debug|Any CPU
		{C13DBA1F-B712-442C-AD25-001C10AB6704}.Debug|Any CPU.Build.0 = Debug|Any CPU
		{C13DBA1F-B712-442C-AD25-001C10AB6704}.Release|Any CPU.ActiveCfg = Release|Any CPU
		{C13DBA1F-B712-442C-AD25-001C10AB6704}.Release|Any CPU.Build.0 = Release|Any CPU
	EndGlobalSection
	GlobalSection(SolutionProperties) = preSolution
		HideSolutionNode = FALSE
	EndGlobalSection
	GlobalSection(ExtensibilityGlobals) = postSolution
		SolutionGuid = {1CBF656C-B6E1-4F59-B61A-A9F45886872F}
	EndGlobalSection
EndGlobal
